
Microsoft Visual Studio Solution File, Format Version 12.00
# Visual Studio 15
VisualStudioVersion = 15.0.27130.2020
MinimumVisualStudioVersion = 10.0.40219.1
Project("{2150E333-8FDC-42A3-9474-1A3956D46DE8}") = "src", "src", "{3725E966-E418-4363-BD29-C19D72A49FB4}"
EndProject
Project("{2150E333-8FDC-42A3-9474-1A3956D46DE8}") = "test", "test", "{A85E1F9C-9E36-4742-9079-67B3FB50852A}"
EndProject
Project("{9A19103F-16F7-4668-BE54-9A1E7A4F7556}") = "Awaken.Utils.Widgets", "src\Awaken.Utils.Widgets\Awaken.Utils.Widgets.csproj", "{76BD35B4-1F0C-4688-A29C-7C3EA3AB0A6F}"
EndProject
Project("{9A19103F-16F7-4668-BE54-9A1E7A4F7556}") = "Awaken.Utils.Test", "src\Awaken.Utils.Test\Awaken.Utils.Test.csproj", "{2A5ADF21-84F3-417D-B4C3-2EB6B0E4D1F6}"
EndProject
Global
	GlobalSection(SolutionConfigurationPlatforms) = preSolution
		Debug|Any CPU = Debug|Any CPU
		Release|Any CPU = Release|Any CPU
	EndGlobalSection
	GlobalSection(ProjectConfigurationPlatforms) = postSolution
		{76BD35B4-1F0C-4688-A29C-7C3EA3AB0A6F}.Debug|Any CPU.ActiveCfg = Debug|Any CPU
		{76BD35B4-1F0C-4688-A29C-7C3EA3AB0A6F}.Debug|Any CPU.Build.0 = Debug|Any CPU
		{76BD35B4-1F0C-4688-A29C-7C3EA3AB0A6F}.Release|Any CPU.ActiveCfg = Release|Any CPU
		{76BD35B4-1F0C-4688-A29C-7C3EA3AB0A6F}.Release|Any CPU.Build.0 = Release|Any CPU
		{2A5ADF21-84F3-417D-B4C3-2EB6B0E4D1F6}.Debug|Any CPU.ActiveCfg = Debug|Any CPU
		{2A5ADF21-84F3-417D-B4C3-2EB6B0E4D1F6}.Debug|Any CPU.Build.0 = Debug|Any CPU
		{2A5ADF21-84F3-417D-B4C3-2EB6B0E4D1F6}.Release|Any CPU.ActiveCfg = Release|Any CPU
		{2A5ADF21-84F3-417D-B4C3-2EB6B0E4D1F6}.Release|Any CPU.Build.0 = Release|Any CPU
	EndGlobalSection
	GlobalSection(SolutionProperties) = preSolution
		HideSolutionNode = FALSE
	EndGlobalSection
	GlobalSection(NestedProjects) = preSolution
		{76BD35B4-1F0C-4688-A29C-7C3EA3AB0A6F} = {3725E966-E418-4363-BD29-C19D72A49FB4}
		{2A5ADF21-84F3-417D-B4C3-2EB6B0E4D1F6} = {A85E1F9C-9E36-4742-9079-67B3FB50852A}
	EndGlobalSection
	GlobalSection(ExtensibilityGlobals) = postSolution
		SolutionGuid = {CC268EAD-3341-42F8-8FBE-6B824078966D}
	EndGlobalSection
EndGlobal
